
Microsoft Visual Studio Solution File, Format Version 12.00
# Visual Studio Version 17
VisualStudioVersion = 17.11.35208.52
MinimumVisualStudioVersion = 10.0.40219.1
Project("{FAE04EC0-301F-11D3-BF4B-00C04F79EFBC}") = "hw15", "hw15\hw15.csproj", "{FB0357B8-1E8A-4594-94C9-B81D4B4D1641}"
EndProject
Global
	GlobalSection(SolutionConfigurationPlatforms) = preSolution
		Debug|Any CPU = Debug|Any CPU
		Release|Any CPU = Release|Any CPU
	EndGlobalSection
	GlobalSection(ProjectConfigurationPlatforms) = postSolution
		{FB0357B8-1E8A-4594-94C9-B81D4B4D1641}.Debug|Any CPU.ActiveCfg = Debug|Any CPU
		{FB0357B8-1E8A-4594-94C9-B81D4B4D1641}.Debug|Any CPU.Build.0 = Debug|Any CPU
		{FB0357B8-1E8A-4594-94C9-B81D4B4D1641}.Release|Any CPU.ActiveCfg = Release|Any CPU
		{FB0357B8-1E8A-4594-94C9-B81D4B4D1641}.Release|Any CPU.Build.0 = Release|Any CPU
	EndGlobalSection
	GlobalSection(SolutionProperties) = preSolution
		HideSolutionNode = FALSE
	EndGlobalSection
	GlobalSection(ExtensibilityGlobals) = postSolution
		SolutionGuid = {6084F5C4-123E-4EDF-8282-61E958EE9032}
	EndGlobalSection
EndGlobal
